
Microsoft Visual Studio Solution File, Format Version 12.00
# Visual Studio Version 17
VisualStudioVersion = 17.3.32922.545
MinimumVisualStudioVersion = 10.0.40219.1
Project("{8BC9CEB8-8B4A-11D0-8D11-00A0C91BC942}") = "Zeta", "Zeta\Zeta.vcxproj", "{136A08F7-67E4-402C-8BE4-4AAD3C7DA76D}"
EndProject
Global
	GlobalSection(SolutionConfigurationPlatforms) = preSolution
		Debug|x64 = Debug|x64
		Debug|x86 = Debug|x86
		Release|x64 = Release|x64
		Release|x86 = Release|x86
	EndGlobalSection
	GlobalSection(ProjectConfigurationPlatforms) = postSolution
		{136A08F7-67E4-402C-8BE4-4AAD3C7DA76D}.Debug|x64.ActiveCfg = Debug|x64
		{136A08F7-67E4-402C-8BE4-4AAD3C7DA76D}.Debug|x64.Build.0 = Debug|x64
		{136A08F7-67E4-402C-8BE4-4AAD3C7DA76D}.Debug|x86.ActiveCfg = Debug|Win32
		{136A08F7-67E4-402C-8BE4-4AAD3C7DA76D}.Debug|x86.Build.0 = Debug|Win32
		{136A08F7-67E4-402C-8BE4-4AAD3C7DA76D}.Release|x64.ActiveCfg = Release|x64
		{136A08F7-67E4-402C-8BE4-4AAD3C7DA76D}.Release|x64.Build.0 = Release|x64
		{136A08F7-67E4-402C-8BE4-4AAD3C7DA76D}.Release|x86.ActiveCfg = Release|Win32
		{136A08F7-67E4-402C-8BE4-4AAD3C7DA76D}.Release|x86.Build.0 = Release|Win32
	EndGlobalSection
	GlobalSection(SolutionProperties) = preSolution
		HideSolutionNode = FALSE
	EndGlobalSection
	GlobalSection(ExtensibilityGlobals) = postSolution
		SolutionGuid = {2480BD24-D612-4042-A411-26980CE21F93}
	EndGlobalSection
EndGlobal
